
Microsoft Visual Studio Solution File, Format Version 11.00
# Visual Studio 2010
Project("{FAE04EC0-301F-11D3-BF4B-00C04F79EFBC}") = "HW10", "HW10\HW10.csproj", "{779320E8-CA48-4B14-A01F-15D0070EADBA}"
EndProject
Global
	GlobalSection(SolutionConfigurationPlatforms) = preSolution
		Debug|x86 = Debug|x86
		Release|x86 = Release|x86
	EndGlobalSection
	GlobalSection(ProjectConfigurationPlatforms) = postSolution
		{779320E8-CA48-4B14-A01F-15D0070EADBA}.Debug|x86.ActiveCfg = Debug|x86
		{779320E8-CA48-4B14-A01F-15D0070EADBA}.Debug|x86.Build.0 = Debug|x86
		{779320E8-CA48-4B14-A01F-15D0070EADBA}.Release|x86.ActiveCfg = Release|x86
		{779320E8-CA48-4B14-A01F-15D0070EADBA}.Release|x86.Build.0 = Release|x86
	EndGlobalSection
	GlobalSection(MonoDevelopProperties) = preSolution
		StartupItem = HW10\HW10.csproj
	EndGlobalSection
EndGlobal
