
Microsoft Visual Studio Solution File, Format Version 11.00
# Visual Studio 2010
Project("{FAE04EC0-301F-11D3-BF4B-00C04F79EFBC}") = "HW1", "HW1.csproj", "{EBA4FD5D-BBD0-4EC9-85AB-39F3AACACAC2}"
EndProject
Global
	GlobalSection(SolutionConfigurationPlatforms) = preSolution
		Debug|Any CPU = Debug|Any CPU
		Release|Any CPU = Release|Any CPU
	EndGlobalSection
	GlobalSection(ProjectConfigurationPlatforms) = postSolution
		{EBA4FD5D-BBD0-4EC9-85AB-39F3AACACAC2}.Debug|Any CPU.ActiveCfg = Debug|Any CPU
		{EBA4FD5D-BBD0-4EC9-85AB-39F3AACACAC2}.Debug|Any CPU.Build.0 = Debug|Any CPU
		{EBA4FD5D-BBD0-4EC9-85AB-39F3AACACAC2}.Release|Any CPU.ActiveCfg = Release|Any CPU
		{EBA4FD5D-BBD0-4EC9-85AB-39F3AACACAC2}.Release|Any CPU.Build.0 = Release|Any CPU
	EndGlobalSection
EndGlobal
